
Microsoft Visual Studio Solution File, Format Version 12.00
# Visual Studio Version 17
VisualStudioVersion = 17.6.33723.286
MinimumVisualStudioVersion = 10.0.40219.1
Project("{FAE04EC0-301F-11D3-BF4B-00C04F79EFBC}") = "Ejercicio1", "Ejercicio1\Ejercicio1.csproj", "{C91B8BDC-EB1C-43B0-8295-245D2C6C23BC}"
EndProject
Project("{2150E333-8FDC-42A3-9474-1A3956D46DE8}") = "Ejercicio_Guia8", "Ejercicio_Guia8", "{6047C590-B242-4556-BBA3-88848E772AA5}"
EndProject
Project("{FAE04EC0-301F-11D3-BF4B-00C04F79EFBC}") = "Ejercicio1_guia8", "Ejercicio1_guia8\Ejercicio1_guia8.csproj", "{4F4FB888-210E-4DA4-AA3B-AA89FCA20182}"
EndProject
Global
	GlobalSection(SolutionConfigurationPlatforms) = preSolution
		Debug|Any CPU = Debug|Any CPU
		Release|Any CPU = Release|Any CPU
	EndGlobalSection
	GlobalSection(ProjectConfigurationPlatforms) = postSolution
		{C91B8BDC-EB1C-43B0-8295-245D2C6C23BC}.Debug|Any CPU.ActiveCfg = Debug|Any CPU
		{C91B8BDC-EB1C-43B0-8295-245D2C6C23BC}.Debug|Any CPU.Build.0 = Debug|Any CPU
		{C91B8BDC-EB1C-43B0-8295-245D2C6C23BC}.Release|Any CPU.ActiveCfg = Release|Any CPU
		{C91B8BDC-EB1C-43B0-8295-245D2C6C23BC}.Release|Any CPU.Build.0 = Release|Any CPU
		{4F4FB888-210E-4DA4-AA3B-AA89FCA20182}.Debug|Any CPU.ActiveCfg = Debug|Any CPU
		{4F4FB888-210E-4DA4-AA3B-AA89FCA20182}.Debug|Any CPU.Build.0 = Debug|Any CPU
		{4F4FB888-210E-4DA4-AA3B-AA89FCA20182}.Release|Any CPU.ActiveCfg = Release|Any CPU
		{4F4FB888-210E-4DA4-AA3B-AA89FCA20182}.Release|Any CPU.Build.0 = Release|Any CPU
	EndGlobalSection
	GlobalSection(SolutionProperties) = preSolution
		HideSolutionNode = FALSE
	EndGlobalSection
	GlobalSection(NestedProjects) = preSolution
		{C91B8BDC-EB1C-43B0-8295-245D2C6C23BC} = {6047C590-B242-4556-BBA3-88848E772AA5}
		{4F4FB888-210E-4DA4-AA3B-AA89FCA20182} = {6047C590-B242-4556-BBA3-88848E772AA5}
	EndGlobalSection
	GlobalSection(ExtensibilityGlobals) = postSolution
		SolutionGuid = {1B30B66E-FFD8-4EA0-B08E-74760E964485}
	EndGlobalSection
EndGlobal
